// !$*UTF8*$!
{
	archiveVersion = 1;
	classes = {
	};
	objectVersion = 56;
	objects = {

/* Begin PBXBuildFile section */
		108CB74B2A3213900033FCEF /* NavigationStackApp.swift in Sources */ = {isa = PBXBuildFile; fileRef = 108CB74A2A3213900033FCEF /* NavigationStackApp.swift */; };
		108CB74D2A3213900033FCEF /* ContentView.swift in Sources */ = {isa = PBXBuildFile; fileRef = 108CB74C2A3213900033FCEF /* ContentView.swift */; };
		108CB74F2A3213910033FCEF /* Assets.xcassets in Resources */ = {isa = PBXBuildFile; fileRef = 108CB74E2A3213910033FCEF /* Assets.xcassets */; };
		108CB7522A3213910033FCEF /* Preview Assets.xcassets in Resources */ = {isa = PBXBuildFile; fileRef = 108CB7512A3213910033FCEF /* Preview Assets.xcassets */; };
		108CB75C2A3213920033FCEF /* NavigationStackTests.swift in Sources */ = {isa = PBXBuildFile; fileRef = 108CB75B2A3213920033FCEF /* NavigationStackTests.swift */; };
		108CB7662A3213920033FCEF /* NavigationStackUITests.swift in Sources */ = {isa = PBXBuildFile; fileRef = 108CB7652A3213920033FCEF /* NavigationStackUITests.swift */; };
		108CB7682A3213920033FCEF /* NavigationStackUITestsLaunchTests.swift in Sources */ = {isa = PBXBuildFile; fileRef = 108CB7672A3213920033FCEF /* NavigationStackUITestsLaunchTests.swift */; };
/* End PBXBuildFile section */

/* Begin PBXContainerItemProxy section */
		108CB7582A3213920033FCEF /* PBXContainerItemProxy */ = {
			isa = PBXContainerItemProxy;
			containerPortal = 108CB73F2A3213900033FCEF /* Project object */;
			proxyType = 1;
			remoteGlobalIDString = 108CB7462A3213900033FCEF;
			remoteInfo = NavigationStack;
		};
		108CB7622A3213920033FCEF /* PBXContainerItemProxy */ = {
			isa = PBXContainerItemProxy;
			containerPortal = 108CB73F2A3213900033FCEF /* Project object */;
			proxyType = 1;
			remoteGlobalIDString = 108CB7462A3213900033FCEF;
			remoteInfo = NavigationStack;
		};
/* End PBXContainerItemProxy section */

/* Begin PBXFileReference section */
		108CB7472A3213900033FCEF /* NavigationStack.app */ = {isa = PBXFileReference; explicitFileType = wrapper.application; includeInIndex = 0; path = NavigationStack.app; sourceTree = BUILT_PRODUCTS_DIR; };
		108CB74A2A3213900033FCEF /* NavigationStackApp.swift */ = {isa = PBXFileReference; lastKnownFileType = sourcecode.swift; path = NavigationStackApp.swift; sourceTree = "<group>"; };
		108CB74C2A3213900033FCEF /* ContentView.swift */ = {isa = PBXFileReference; lastKnownFileType = sourcecode.swift; path = ContentView.swift; sourceTree = "<group>"; };
		108CB74E2A3213910033FCEF /* Assets.xcassets */ = {isa = PBXFileReference; lastKnownFileType = folder.assetcatalog; path = Assets.xcassets; sourceTree = "<group>"; };
		108CB7512A3213910033FCEF /* Preview Assets.xcassets */ = {isa = PBXFileReference; lastKnownFileType = folder.assetcatalog; path = "Preview Assets.xcassets"; sourceTree = "<group>"; };
		108CB7572A3213920033FCEF /* NavigationStackTests.xctest */ = {isa = PBXFileReference; explicitFileType = wrapper.cfbundle; includeInIndex = 0; path = NavigationStackTests.xctest; sourceTree = BUILT_PRODUCTS_DIR; };
		108CB75B2A3213920033FCEF /* NavigationStackTests.swift */ = {isa = PBXFileReference; lastKnownFileType = sourcecode.swift; path = NavigationStackTests.swift; sourceTree = "<group>"; };
		108CB7612A3213920033FCEF /* NavigationStackUITests.xctest */ = {isa = PBXFileReference; explicitFileType = wrapper.cfbundle; includeInIndex = 0; path = NavigationStackUITests.xctest; sourceTree = BUILT_PRODUCTS_DIR; };
		108CB7652A3213920033FCEF /* NavigationStackUITests.swift */ = {isa = PBXFileReference; lastKnownFileType = sourcecode.swift; path = NavigationStackUITests.swift; sourceTree = "<group>"; };
		108CB7672A3213920033FCEF /* NavigationStackUITestsLaunchTests.swift */ = {isa = PBXFileReference; lastKnownFileType = sourcecode.swift; path = NavigationStackUITestsLaunchTests.swift; sourceTree = "<group>"; };
/* End PBXFileReference section */

/* Begin PBXFrameworksBuildPhase section */
		108CB7442A3213900033FCEF /* Frameworks */ = {
			isa = PBXFrameworksBuildPhase;
			buildActionMask = 2147483647;
			files = (
			);
			runOnlyForDeploymentPostprocessing = 0;
		};
		108CB7542A3213920033FCEF /* Frameworks */ = {
			isa = PBXFrameworksBuildPhase;
			buildActionMask = 2147483647;
			files = (
			);
			runOnlyForDeploymentPostprocessing = 0;
		};
		108CB75E2A3213920033FCEF /* Frameworks */ = {
			isa = PBXFrameworksBuildPhase;
			buildActionMask = 2147483647;
			files = (
			);
			runOnlyForDeploymentPostprocessing = 0;
		};
/* End PBXFrameworksBuildPhase section */

/* Begin PBXGroup section */
		108CB73E2A3213900033FCEF = {
			isa = PBXGroup;
			children = (
				108CB7492A3213900033FCEF /* NavigationStack */,
				108CB75A2A3213920033FCEF /* NavigationStackTests */,
				108CB7642A3213920033FCEF /* NavigationStackUITests */,
				108CB7482A3213900033FCEF /* Products */,
			);
			sourceTree = "<group>";
		};
		108CB7482A3213900033FCEF /* Products */ = {
			isa = PBXGroup;
			children = (
				108CB7472A3213900033FCEF /* NavigationStack.app */,
				108CB7572A3213920033FCEF /* NavigationStackTests.xctest */,
				108CB7612A3213920033FCEF /* NavigationStackUITests.xctest */,
			);
			name = Products;
			sourceTree = "<group>";
		};
		108CB7492A3213900033FCEF /* NavigationStack */ = {
			isa = PBXGroup;
			children = (
				108CB74A2A3213900033FCEF /* NavigationStackApp.swift */,
				108CB74C2A3213900033FCEF /* ContentView.swift */,
				108CB74E2A3213910033FCEF /* Assets.xcassets */,
				108CB7502A3213910033FCEF /* Preview Content */,
			);
			path = NavigationStack;
			sourceTree = "<group>";
		};
		108CB7502A3213910033FCEF /* Preview Content */ = {
			isa = PBXGroup;
			children = (
				108CB7512A3213910033FCEF /* Preview Assets.xcassets */,
			);
			path = "Preview Content";
			sourceTree = "<group>";
		};
		108CB75A2A3213920033FCEF /* NavigationStackTests */ = {
			isa = PBXGroup;
			children = (
				108CB75B2A3213920033FCEF /* NavigationStackTests.swift */,
			);
			path = NavigationStackTests;
			sourceTree = "<group>";
		};
		108CB7642A3213920033FCEF /* NavigationStackUITests */ = {
			isa = PBXGroup;
			children = (
				108CB7652A3213920033FCEF /* NavigationStackUITests.swift */,
				108CB7672A3213920033FCEF /* NavigationStackUITestsLaunchTests.swift */,
			);
			path = NavigationStackUITests;
			sourceTree = "<group>";
		};
/* End PBXGroup section */

/* Begin PBXNativeTarget section */
		108CB7462A3213900033FCEF /* NavigationStack */ = {
			isa = PBXNativeTarget;
			buildConfigurationList = 108CB76B2A3213920033FCEF /* Build configuration list for PBXNativeTarget "NavigationStack" */;
			buildPhases = (
				108CB7432A3213900033FCEF /* Sources */,
				108CB7442A3213900033FCEF /* Frameworks */,
				108CB7452A3213900033FCEF /* Resources */,
			);
			buildRules = (
			);
			dependencies = (
			);
			name = NavigationStack;
			productName = NavigationStack;
			productReference = 108CB7472A3213900033FCEF /* NavigationStack.app */;
			productType = "com.apple.product-type.application";
		};
		108CB7562A3213920033FCEF /* NavigationStackTests */ = {
			isa = PBXNativeTarget;
			buildConfigurationList = 108CB76E2A3213920033FCEF /* Build configuration list for PBXNativeTarget "NavigationStackTests" */;
			buildPhases = (
				108CB7532A3213920033FCEF /* Sources */,
				108CB7542A3213920033FCEF /* Frameworks */,
				108CB7552A3213920033FCEF /* Resources */,
			);
			buildRules = (
			);
			dependencies = (
				108CB7592A3213920033FCEF /* PBXTargetDependency */,
			);
			name = NavigationStackTests;
			productName = NavigationStackTests;
			productReference = 108CB7572A3213920033FCEF /* NavigationStackTests.xctest */;
			productType = "com.apple.product-type.bundle.unit-test";
		};
		108CB7602A3213920033FCEF /* NavigationStackUITests */ = {
			isa = PBXNativeTarget;
			buildConfigurationList = 108CB7712A3213920033FCEF /* Build configuration list for PBXNativeTarget "NavigationStackUITests" */;
			buildPhases = (
				108CB75D2A3213920033FCEF /* Sources */,
				108CB75E2A3213920033FCEF /* Frameworks */,
				108CB75F2A3213920033FCEF /* Resources */,
			);
			buildRules = (
			);
			dependencies = (
				108CB7632A3213920033FCEF /* PBXTargetDependency */,
			);
			name = NavigationStackUITests;
			productName = NavigationStackUITests;
			productReference = 108CB7612A3213920033FCEF /* NavigationStackUITests.xctest */;
			productType = "com.apple.product-type.bundle.ui-testing";
		};
/* End PBXNativeTarget section */

/* Begin PBXProject section */
		108CB73F2A3213900033FCEF /* Project object */ = {
			isa = PBXProject;
			attributes = {
				BuildIndependentTargetsInParallel = 1;
				LastSwiftUpdateCheck = 1430;
				LastUpgradeCheck = 1430;
				TargetAttributes = {
					108CB7462A3213900033FCEF = {
						CreatedOnToolsVersion = 14.3;
					};
					108CB7562A3213920033FCEF = {
						CreatedOnToolsVersion = 14.3;
						TestTargetID = 108CB7462A3213900033FCEF;
					};
					108CB7602A3213920033FCEF = {
						CreatedOnToolsVersion = 14.3;
						TestTargetID = 108CB7462A3213900033FCEF;
					};
				};
			};
			buildConfigurationList = 108CB7422A3213900033FCEF /* Build configuration list for PBXProject "NavigationStack" */;
			compatibilityVersion = "Xcode 14.0";
			developmentRegion = en;
			hasScannedForEncodings = 0;
			knownRegions = (
				en,
				Base,
			);
			mainGroup = 108CB73E2A3213900033FCEF;
			productRefGroup = 108CB7482A3213900033FCEF /* Products */;
			projectDirPath = "";
			projectRoot = "";
			targets = (
				108CB7462A3213900033FCEF /* NavigationStack */,
				108CB7562A3213920033FCEF /* NavigationStackTests */,
				108CB7602A3213920033FCEF /* NavigationStackUITests */,
			);
		};
/* End PBXProject section */

/* Begin PBXResourcesBuildPhase section */
		108CB7452A3213900033FCEF /* Resources */ = {
			isa = PBXResourcesBuildPhase;
			buildActionMask = 2147483647;
			files = (
				108CB7522A3213910033FCEF /* Preview Assets.xcassets in Resources */,
				108CB74F2A3213910033FCEF /* Assets.xcassets in Resources */,
			);
			runOnlyForDeploymentPostprocessing = 0;
		};
		108CB7552A3213920033FCEF /* Resources */ = {
			isa = PBXResourcesBuildPhase;
			buildActionMask = 2147483647;
			files = (
			);
			runOnlyForDeploymentPostprocessing = 0;
		};
		108CB75F2A3213920033FCEF /* Resources */ = {
			isa = PBXResourcesBuildPhase;
			buildActionMask = 2147483647;
			files = (
			);
			runOnlyForDeploymentPostprocessing = 0;
		};
/* End PBXResourcesBuildPhase section */

/* Begin PBXSourcesBuildPhase section */
		108CB7432A3213900033FCEF /* Sources */ = {
			isa = PBXSourcesBuildPhase;
			buildActionMask = 2147483647;
			files = (
				108CB74D2A3213900033FCEF /* ContentView.swift in Sources */,
				108CB74B2A3213900033FCEF /* NavigationStackApp.swift in Sources */,
			);
			runOnlyForDeploymentPostprocessing = 0;
		};
		108CB7532A3213920033FCEF /* Sources */ = {
			isa = PBXSourcesBuildPhase;
			buildActionMask = 2147483647;
			files = (
				108CB75C2A3213920033FCEF /* NavigationStackTests.swift in Sources */,
			);
			runOnlyForDeploymentPostprocessing = 0;
		};
		108CB75D2A3213920033FCEF /* Sources */ = {
			isa = PBXSourcesBuildPhase;
			buildActionMask = 2147483647;
			files = (
				108CB7662A3213920033FCEF /* NavigationStackUITests.swift in Sources */,
				108CB7682A3213920033FCEF /* NavigationStackUITestsLaunchTests.swift in Sources */,
			);
			runOnlyForDeploymentPostprocessing = 0;
		};
/* End PBXSourcesBuildPhase section */

/* Begin PBXTargetDependency section */
		108CB7592A3213920033FCEF /* PBXTargetDependency */ = {
			isa = PBXTargetDependency;
			target = 108CB7462A3213900033FCEF /* NavigationStack */;
			targetProxy = 108CB7582A3213920033FCEF /* PBXContainerItemProxy */;
		};
		108CB7632A3213920033FCEF /* PBXTargetDependency */ = {
			isa = PBXTargetDependency;
			target = 108CB7462A3213900033FCEF /* NavigationStack */;
			targetProxy = 108CB7622A3213920033FCEF /* PBXContainerItemProxy */;
		};
/* End PBXTargetDependency section */

/* Begin XCBuildConfiguration section */
		108CB7692A3213920033FCEF /* Debug */ = {
			isa = XCBuildConfiguration;
			buildSettings = {
				ALWAYS_SEARCH_USER_PATHS = NO;
				CLANG_ANALYZER_NONNULL = YES;
				CLANG_ANALYZER_NUMBER_OBJECT_CONVERSION = YES_AGGRESSIVE;
				CLANG_CXX_LANGUAGE_STANDARD = "gnu++20";
				CLANG_ENABLE_MODULES = YES;
				CLANG_ENABLE_OBJC_ARC = YES;
				CLANG_ENABLE_OBJC_WEAK = YES;
				CLANG_WARN_BLOCK_CAPTURE_AUTORELEASING = YES;
				CLANG_WARN_BOOL_CONVERSION = YES;
				CLANG_WARN_COMMA = YES;
				CLANG_WARN_CONSTANT_CONVERSION = YES;
				CLANG_WARN_DEPRECATED_OBJC_IMPLEMENTATIONS = YES;
				CLANG_WARN_DIRECT_OBJC_ISA_USAGE = YES_ERROR;
				CLANG_WARN_DOCUMENTATION_COMMENTS = YES;
				CLANG_WARN_EMPTY_BODY = YES;
				CLANG_WARN_ENUM_CONVERSION = YES;
				CLANG_WARN_INFINITE_RECURSION = YES;
				CLANG_WARN_INT_CONVERSION = YES;
				CLANG_WARN_NON_LITERAL_NULL_CONVERSION = YES;
				CLANG_WARN_OBJC_IMPLICIT_RETAIN_SELF = YES;
				CLANG_WARN_OBJC_LITERAL_CONVERSION = YES;
				CLANG_WARN_OBJC_ROOT_CLASS = YES_ERROR;
				CLANG_WARN_QUOTED_INCLUDE_IN_FRAMEWORK_HEADER = YES;
				CLANG_WARN_RANGE_LOOP_ANALYSIS = YES;
				CLANG_WARN_STRICT_PROTOTYPES = YES;
				CLANG_WARN_SUSPICIOUS_MOVE = YES;
				CLANG_WARN_UNGUARDED_AVAILABILITY = YES_AGGRESSIVE;
				CLANG_WARN_UNREACHABLE_CODE = YES;
				CLANG_WARN__DUPLICATE_METHOD_MATCH = YES;
				COPY_PHASE_STRIP = NO;
				DEBUG_INFORMATION_FORMAT = dwarf;
				ENABLE_STRICT_OBJC_MSGSEND = YES;
				ENABLE_TESTABILITY = YES;
				GCC_C_LANGUAGE_STANDARD = gnu11;
				GCC_DYNAMIC_NO_PIC = NO;
				GCC_NO_COMMON_BLOCKS = YES;
				GCC_OPTIMIZATION_LEVEL = 0;
				GCC_PREPROCESSOR_DEFINITIONS = (
					"DEBUG=1",
					"$(inherited)",
				);
				GCC_WARN_64_TO_32_BIT_CONVERSION = YES;
				GCC_WARN_ABOUT_RETURN_TYPE = YES_ERROR;
				GCC_WARN_UNDECLARED_SELECTOR = YES;
				GCC_WARN_UNINITIALIZED_AUTOS = YES_AGGRESSIVE;
				GCC_WARN_UNUSED_FUNCTION = YES;
				GCC_WARN_UNUSED_VARIABLE = YES;
				IPHONEOS_DEPLOYMENT_TARGET = 16.4;
				MTL_ENABLE_DEBUG_INFO = INCLUDE_SOURCE;
				MTL_FAST_MATH = YES;
				ONLY_ACTIVE_ARCH = YES;
				SDKROOT = iphoneos;
				SWIFT_ACTIVE_COMPILATION_CONDITIONS = DEBUG;
				SWIFT_OPTIMIZATION_LEVEL = "-Onone";
			};
			name = Debug;
		};
		108CB76A2A3213920033FCEF /* Release */ = {
			isa = XCBuildConfiguration;
			buildSettings = {
				ALWAYS_SEARCH_USER_PATHS = NO;
				CLANG_ANALYZER_NONNULL = YES;
				CLANG_ANALYZER_NUMBER_OBJECT_CONVERSION = YES_AGGRESSIVE;
				CLANG_CXX_LANGUAGE_STANDARD = "gnu++20";
				CLANG_ENABLE_MODULES = YES;
				CLANG_ENABLE_OBJC_ARC = YES;
				CLANG_ENABLE_OBJC_WEAK = YES;
				CLANG_WARN_BLOCK_CAPTURE_AUTORELEASING = YES;
				CLANG_WARN_BOOL_CONVERSION = YES;
				CLANG_WARN_COMMA = YES;
				CLANG_WARN_CONSTANT_CONVERSION = YES;
				CLANG_WARN_DEPRECATED_OBJC_IMPLEMENTATIONS = YES;
				CLANG_WARN_DIRECT_OBJC_ISA_USAGE = YES_ERROR;
				CLANG_WARN_DOCUMENTATION_COMMENTS = YES;
				CLANG_WARN_EMPTY_BODY = YES;
				CLANG_WARN_ENUM_CONVERSION = YES;
				CLANG_WARN_INFINITE_RECURSION = YES;
				CLANG_WARN_INT_CONVERSION = YES;
				CLANG_WARN_NON_LITERAL_NULL_CONVERSION = YES;
				CLANG_WARN_OBJC_IMPLICIT_RETAIN_SELF = YES;
				CLANG_WARN_OBJC_LITERAL_CONVERSION = YES;
				CLANG_WARN_OBJC_ROOT_CLASS = YES_ERROR;
				CLANG_WARN_QUOTED_INCLUDE_IN_FRAMEWORK_HEADER = YES;
				CLANG_WARN_RANGE_LOOP_ANALYSIS = YES;
				CLANG_WARN_STRICT_PROTOTYPES = YES;
				CLANG_WARN_SUSPICIOUS_MOVE = YES;
				CLANG_WARN_UNGUARDED_AVAILABILITY = YES_AGGRESSIVE;
				CLANG_WARN_UNREACHABLE_CODE = YES;
				CLANG_WARN__DUPLICATE_METHOD_MATCH = YES;
				COPY_PHASE_STRIP = NO;
				DEBUG_INFORMATION_FORMAT = "dwarf-with-dsym";
				ENABLE_NS_ASSERTIONS = NO;
				ENABLE_STRICT_OBJC_MSGSEND = YES;
				GCC_C_LANGUAGE_STANDARD = gnu11;
				GCC_NO_COMMON_BLOCKS = YES;
				GCC_WARN_64_TO_32_BIT_CONVERSION = YES;
				GCC_WARN_ABOUT_RETURN_TYPE = YES_ERROR;
				GCC_WARN_UNDECLARED_SELECTOR = YES;
				GCC_WARN_UNINITIALIZED_AUTOS = YES_AGGRESSIVE;
				GCC_WARN_UNUSED_FUNCTION = YES;
				GCC_WARN_UNUSED_VARIABLE = YES;
				IPHONEOS_DEPLOYMENT_TARGET = 16.4;
				MTL_ENABLE_DEBUG_INFO = NO;
				MTL_FAST_MATH = YES;
				SDKROOT = iphoneos;
				SWIFT_COMPILATION_MODE = wholemodule;
				SWIFT_OPTIMIZATION_LEVEL = "-O";
				VALIDATE_PRODUCT = YES;
			};
			name = Release;
		};
		108CB76C2A3213920033FCEF /* Debug */ = {
			isa = XCBuildConfiguration;
			buildSettings = {
				ASSETCATALOG_COMPILER_APPICON_NAME = AppIcon;
				ASSETCATALOG_COMPILER_GLOBAL_ACCENT_COLOR_NAME = AccentColor;
				CODE_SIGN_STYLE = Automatic;
				CURRENT_PROJECT_VERSION = 1;
				DEVELOPMENT_ASSET_PATHS = "\"NavigationStack/Preview Content\"";
				DEVELOPMENT_TEAM = AZDJLQL538;
				ENABLE_PREVIEWS = YES;
				GENERATE_INFOPLIST_FILE = YES;
				INFOPLIST_KEY_UIApplicationSceneManifest_Generation = YES;
				INFOPLIST_KEY_UIApplicationSupportsIndirectInputEvents = YES;
				INFOPLIST_KEY_UILaunchScreen_Generation = YES;
				INFOPLIST_KEY_UISupportedInterfaceOrientations_iPad = "UIInterfaceOrientationPortrait UIInterfaceOrientationPortraitUpsideDown UIInterfaceOrientationLandscapeLeft UIInterfaceOrientationLandscapeRight";
				INFOPLIST_KEY_UISupportedInterfaceOrientations_iPhone = "UIInterfaceOrientationPortrait UIInterfaceOrientationLandscapeLeft UIInterfaceOrientationLandscapeRight";
				LD_RUNPATH_SEARCH_PATHS = (
					"$(inherited)",
					"@executable_path/Frameworks",
				);
				MARKETING_VERSION = 1.0;
				PRODUCT_BUNDLE_IDENTIFIER = com.pin.NavigationStack;
				PRODUCT_NAME = "$(TARGET_NAME)";
				SWIFT_EMIT_LOC_STRINGS = YES;
				SWIFT_VERSION = 5.0;
				TARGETED_DEVICE_FAMILY = "1,2";
			};
			name = Debug;
		};
		108CB76D2A3213920033FCEF /* Release */ = {
			isa = XCBuildConfiguration;
			buildSettings = {
				ASSETCATALOG_COMPILER_APPICON_NAME = AppIcon;
				ASSETCATALOG_COMPILER_GLOBAL_ACCENT_COLOR_NAME = AccentColor;
				CODE_SIGN_STYLE = Automatic;
				CURRENT_PROJECT_VERSION = 1;
				DEVELOPMENT_ASSET_PATHS = "\"NavigationStack/Preview Content\"";
				DEVELOPMENT_TEAM = AZDJLQL538;
				ENABLE_PREVIEWS = YES;
				GENERATE_INFOPLIST_FILE = YES;
				INFOPLIST_KEY_UIApplicationSceneManifest_Generation = YES;
				INFOPLIST_KEY_UIApplicationSupportsIndirectInputEvents = YES;
				INFOPLIST_KEY_UILaunchScreen_Generation = YES;
				INFOPLIST_KEY_UISupportedInterfaceOrientations_iPad = "UIInterfaceOrientationPortrait UIInterfaceOrientationPortraitUpsideDown UIInterfaceOrientationLandscapeLeft UIInterfaceOrientationLandscapeRight";
				INFOPLIST_KEY_UISupportedInterfaceOrientations_iPhone = "UIInterfaceOrientationPortrait UIInterfaceOrientationLandscapeLeft UIInterfaceOrientationLandscapeRight";
				LD_RUNPATH_SEARCH_PATHS = (
					"$(inherited)",
					"@executable_path/Frameworks",
				);
				MARKETING_VERSION = 1.0;
				PRODUCT_BUNDLE_IDENTIFIER = com.pin.NavigationStack;
				PRODUCT_NAME = "$(TARGET_NAME)";
				SWIFT_EMIT_LOC_STRINGS = YES;
				SWIFT_VERSION = 5.0;
				TARGETED_DEVICE_FAMILY = "1,2";
			};
			name = Release;
		};
		108CB76F2A3213920033FCEF /* Debug */ = {
			isa = XCBuildConfiguration;
			buildSettings = {
				ALWAYS_EMBED_SWIFT_STANDARD_LIBRARIES = YES;
				BUNDLE_LOADER = "$(TEST_HOST)";
				CODE_SIGN_STYLE = Automatic;
				CURRENT_PROJECT_VERSION = 1;
				DEVELOPMENT_TEAM = AZDJLQL538;
				GENERATE_INFOPLIST_FILE = YES;
				IPHONEOS_DEPLOYMENT_TARGET = 16.4;
				MARKETING_VERSION = 1.0;
				PRODUCT_BUNDLE_IDENTIFIER = com.pin.NavigationStackTests;
				PRODUCT_NAME = "$(TARGET_NAME)";
				SWIFT_EMIT_LOC_STRINGS = NO;
				SWIFT_VERSION = 5.0;
				TARGETED_DEVICE_FAMILY = "1,2";
				TEST_HOST = "$(BUILT_PRODUCTS_DIR)/NavigationStack.app/$(BUNDLE_EXECUTABLE_FOLDER_PATH)/NavigationStack";
			};
			name = Debug;
		};
		108CB7702A3213920033FCEF /* Release */ = {
			isa = XCBuildConfiguration;
			buildSettings = {
				ALWAYS_EMBED_SWIFT_STANDARD_LIBRARIES = YES;
				BUNDLE_LOADER = "$(TEST_HOST)";
				CODE_SIGN_STYLE = Automatic;
				CURRENT_PROJECT_VERSION = 1;
				DEVELOPMENT_TEAM = AZDJLQL538;
				GENERATE_INFOPLIST_FILE = YES;
				IPHONEOS_DEPLOYMENT_TARGET = 16.4;
				MARKETING_VERSION = 1.0;
				PRODUCT_BUNDLE_IDENTIFIER = com.pin.NavigationStackTests;
				PRODUCT_NAME = "$(TARGET_NAME)";
				SWIFT_EMIT_LOC_STRINGS = NO;
				SWIFT_VERSION = 5.0;
				TARGETED_DEVICE_FAMILY = "1,2";
				TEST_HOST = "$(BUILT_PRODUCTS_DIR)/NavigationStack.app/$(BUNDLE_EXECUTABLE_FOLDER_PATH)/NavigationStack";
			};
			name = Release;
		};
		108CB7722A3213920033FCEF /* Debug */ = {
			isa = XCBuildConfiguration;
			buildSettings = {
				ALWAYS_EMBED_SWIFT_STANDARD_LIBRARIES = YES;
				CODE_SIGN_STYLE = Automatic;
				CURRENT_PROJECT_VERSION = 1;
				DEVELOPMENT_TEAM = AZDJLQL538;
				GENERATE_INFOPLIST_FILE = YES;
				MARKETING_VERSION = 1.0;
				PRODUCT_BUNDLE_IDENTIFIER = com.pin.NavigationStackUITests;
				PRODUCT_NAME = "$(TARGET_NAME)";
				SWIFT_EMIT_LOC_STRINGS = NO;
				SWIFT_VERSION = 5.0;
				TARGETED_DEVICE_FAMILY = "1,2";
				TEST_TARGET_NAME = NavigationStack;
			};
			name = Debug;
		};
		108CB7732A3213920033FCEF /* Release */ = {
			isa = XCBuildConfiguration;
			buildSettings = {
				ALWAYS_EMBED_SWIFT_STANDARD_LIBRARIES = YES;
				CODE_SIGN_STYLE = Automatic;
				CURRENT_PROJECT_VERSION = 1;
				DEVELOPMENT_TEAM = AZDJLQL538;
				GENERATE_INFOPLIST_FILE = YES;
				MARKETING_VERSION = 1.0;
				PRODUCT_BUNDLE_IDENTIFIER = com.pin.NavigationStackUITests;
				PRODUCT_NAME = "$(TARGET_NAME)";
				SWIFT_EMIT_LOC_STRINGS = NO;
				SWIFT_VERSION = 5.0;
				TARGETED_DEVICE_FAMILY = "1,2";
				TEST_TARGET_NAME = NavigationStack;
			};
			name = Release;
		};
/* End XCBuildConfiguration section */

/* Begin XCConfigurationList section */
		108CB7422A3213900033FCEF /* Build configuration list for PBXProject "NavigationStack" */ = {
			isa = XCConfigurationList;
			buildConfigurations = (
				108CB7692A3213920033FCEF /* Debug */,
				108CB76A2A3213920033FCEF /* Release */,
			);
			defaultConfigurationIsVisible = 0;
			defaultConfigurationName = Release;
		};
		108CB76B2A3213920033FCEF /* Build configuration list for PBXNativeTarget "NavigationStack" */ = {
			isa = XCConfigurationList;
			buildConfigurations = (
				108CB76C2A3213920033FCEF /* Debug */,
				108CB76D2A3213920033FCEF /* Release */,
			);
			defaultConfigurationIsVisible = 0;
			defaultConfigurationName = Release;
		};
		108CB76E2A3213920033FCEF /* Build configuration list for PBXNativeTarget "NavigationStackTests" */ = {
			isa = XCConfigurationList;
			buildConfigurations = (
				108CB76F2A3213920033FCEF /* Debug */,
				108CB7702A3213920033FCEF /* Release */,
			);
			defaultConfigurationIsVisible = 0;
			defaultConfigurationName = Release;
		};
		108CB7712A3213920033FCEF /* Build configuration list for PBXNativeTarget "NavigationStackUITests" */ = {
			isa = XCConfigurationList;
			buildConfigurations = (
				108CB7722A3213920033FCEF /* Debug */,
				108CB7732A3213920033FCEF /* Release */,
			);
			defaultConfigurationIsVisible = 0;
			defaultConfigurationName = Release;
		};
/* End XCConfigurationList section */
	};
	rootObject = 108CB73F2A3213900033FCEF /* Project object */;
}
